
Microsoft Visual Studio Solution File, Format Version 12.00
# Visual Studio Version 16
VisualStudioVersion = 16.0.31105.61
MinimumVisualStudioVersion = 10.0.40219.1
Project("{9A19103F-16F7-4668-BE54-9A1E7A4F7556}") = "HomeBookkeepingWebApi", "HomeBookkeepingWebApi\HomeBookkeepingWebApi.csproj", "{CF458651-A354-4E2B-861D-5243801B6B9A}"
EndProject
Project("{FAE04EC0-301F-11D3-BF4B-00C04F79EFBC}") = "HomeBookkeepingWebApi.BLL", "HomeBookkeepingWebApi.BLL\HomeBookkeepingWebApi.BLL.csproj", "{49572943-71E4-4AC3-8D79-D1B0BE0515F5}"
EndProject
Project("{FAE04EC0-301F-11D3-BF4B-00C04F79EFBC}") = "HomeBookkeepingWebApi.DAL", "HomeBookkeepingWebApi.DAL\HomeBookkeepingWebApi.DAL.csproj", "{27683AE7-6320-4E9B-9EA9-98EC5740CFAD}"
EndProject
Global
	GlobalSection(SolutionConfigurationPlatforms) = preSolution
		Debug|Any CPU = Debug|Any CPU
		Release|Any CPU = Release|Any CPU
	EndGlobalSection
	GlobalSection(ProjectConfigurationPlatforms) = postSolution
		{CF458651-A354-4E2B-861D-5243801B6B9A}.Debug|Any CPU.ActiveCfg = Debug|Any CPU
		{CF458651-A354-4E2B-861D-5243801B6B9A}.Debug|Any CPU.Build.0 = Debug|Any CPU
		{CF458651-A354-4E2B-861D-5243801B6B9A}.Release|Any CPU.ActiveCfg = Release|Any CPU
		{CF458651-A354-4E2B-861D-5243801B6B9A}.Release|Any CPU.Build.0 = Release|Any CPU
		{49572943-71E4-4AC3-8D79-D1B0BE0515F5}.Debug|Any CPU.ActiveCfg = Debug|Any CPU
		{49572943-71E4-4AC3-8D79-D1B0BE0515F5}.Debug|Any CPU.Build.0 = Debug|Any CPU
		{49572943-71E4-4AC3-8D79-D1B0BE0515F5}.Release|Any CPU.ActiveCfg = Release|Any CPU
		{49572943-71E4-4AC3-8D79-D1B0BE0515F5}.Release|Any CPU.Build.0 = Release|Any CPU
		{27683AE7-6320-4E9B-9EA9-98EC5740CFAD}.Debug|Any CPU.ActiveCfg = Debug|Any CPU
		{27683AE7-6320-4E9B-9EA9-98EC5740CFAD}.Debug|Any CPU.Build.0 = Debug|Any CPU
		{27683AE7-6320-4E9B-9EA9-98EC5740CFAD}.Release|Any CPU.ActiveCfg = Release|Any CPU
		{27683AE7-6320-4E9B-9EA9-98EC5740CFAD}.Release|Any CPU.Build.0 = Release|Any CPU
	EndGlobalSection
	GlobalSection(SolutionProperties) = preSolution
		HideSolutionNode = FALSE
	EndGlobalSection
	GlobalSection(ExtensibilityGlobals) = postSolution
		SolutionGuid = {F3C9E0F6-B95D-46C5-B40B-D215A50EA5EC}
	EndGlobalSection
EndGlobal
